# Generated by pub
# See http://pub.dartlang.org/doc/glossary.html#lockfile
packages:
  matcher:
    description:
      name: matcher
      url: "https://pub.dartlang.org"
    source: hosted
    version: "0.12.1+4"
  meta:
    description:
      name: meta
      url: "https://pub.dartlang.org"
    source: hosted
    version: "1.1.2"
  path:
    description:
      name: path
      url: "https://pub.dartlang.org"
    source: hosted
    version: "1.5.1"
  quiver:
    description:
      name: quiver
      url: "https://pub.dartlang.org"
    source: hosted
    version: "0.28.2"
  sortedmap:
    description:
      name: sortedmap
      url: "https://pub.dartlang.org"
    source: hosted
    version: "0.3.0"
  stack_trace:
    description:
      name: stack_trace
      url: "https://pub.dartlang.org"
    source: hosted
    version: "1.9.2"
sdks:
  dart: ">=1.23.0 <2.0.0"
